
Microsoft Visual Studio Solution File, Format Version 12.00
# Visual Studio Version 17
VisualStudioVersion = 17.11.35312.102
MinimumVisualStudioVersion = 10.0.40219.1
Project("{FAE04EC0-301F-11D3-BF4B-00C04F79EFBC}") = "Activitats3P", "Activitats3P.csproj", "{5BAEB543-FB61-4C11-91C8-B7A5BA537B04}"
EndProject
Global
	GlobalSection(SolutionConfigurationPlatforms) = preSolution
		Debug|Any CPU = Debug|Any CPU
		Release|Any CPU = Release|Any CPU
	EndGlobalSection
	GlobalSection(ProjectConfigurationPlatforms) = postSolution
		{5BAEB543-FB61-4C11-91C8-B7A5BA537B04}.Debug|Any CPU.ActiveCfg = Debug|Any CPU
		{5BAEB543-FB61-4C11-91C8-B7A5BA537B04}.Debug|Any CPU.Build.0 = Debug|Any CPU
		{5BAEB543-FB61-4C11-91C8-B7A5BA537B04}.Release|Any CPU.ActiveCfg = Release|Any CPU
		{5BAEB543-FB61-4C11-91C8-B7A5BA537B04}.Release|Any CPU.Build.0 = Release|Any CPU
	EndGlobalSection
	GlobalSection(SolutionProperties) = preSolution
		HideSolutionNode = FALSE
	EndGlobalSection
	GlobalSection(ExtensibilityGlobals) = postSolution
		SolutionGuid = {60569B2D-0D22-4D85-868A-E3351D6B690E}
	EndGlobalSection
EndGlobal
